
Microsoft Visual Studio Solution File, Format Version 12.00
# Visual Studio Version 17
VisualStudioVersion = 17.2.32630.192
MinimumVisualStudioVersion = 10.0.40219.1
Project("{9A19103F-16F7-4668-BE54-9A1E7A4F7556}") = "MarketSystem", "MarketSystem\MarketSystem.csproj", "{6C0FE565-E1C7-44CC-8383-C9471C46E399}"
EndProject
Global
	GlobalSection(SolutionConfigurationPlatforms) = preSolution
		Debug|Any CPU = Debug|Any CPU
		Release|Any CPU = Release|Any CPU
	EndGlobalSection
	GlobalSection(ProjectConfigurationPlatforms) = postSolution
		{6C0FE565-E1C7-44CC-8383-C9471C46E399}.Debug|Any CPU.ActiveCfg = Debug|Any CPU
		{6C0FE565-E1C7-44CC-8383-C9471C46E399}.Debug|Any CPU.Build.0 = Debug|Any CPU
		{6C0FE565-E1C7-44CC-8383-C9471C46E399}.Release|Any CPU.ActiveCfg = Release|Any CPU
		{6C0FE565-E1C7-44CC-8383-C9471C46E399}.Release|Any CPU.Build.0 = Release|Any CPU
	EndGlobalSection
	GlobalSection(SolutionProperties) = preSolution
		HideSolutionNode = FALSE
	EndGlobalSection
	GlobalSection(ExtensibilityGlobals) = postSolution
		SolutionGuid = {1FECB74C-7C41-45AF-A7B7-66A25A172E3C}
	EndGlobalSection
EndGlobal
